
Microsoft Visual Studio Solution File, Format Version 12.00
# Visual Studio 15
VisualStudioVersion = 15.0.28307.902
MinimumVisualStudioVersion = 10.0.40219.1
Project("{9A19103F-16F7-4668-BE54-9A1E7A4F7556}") = "MobileDeliveryGeneral", "MobileDeliveryGeneral.csproj", "{A8E665AC-2217-4EB0-BF49-94EAC7AE0E37}"
EndProject
Global
	GlobalSection(SolutionConfigurationPlatforms) = preSolution
		Debug|Any CPU = Debug|Any CPU
		Debug|x86 = Debug|x86
		Release|Any CPU = Release|Any CPU
		Release|x86 = Release|x86
	EndGlobalSection
	GlobalSection(ProjectConfigurationPlatforms) = postSolution
		{A8E665AC-2217-4EB0-BF49-94EAC7AE0E37}.Debug|Any CPU.ActiveCfg = Debug|Any CPU
		{A8E665AC-2217-4EB0-BF49-94EAC7AE0E37}.Debug|Any CPU.Build.0 = Debug|Any CPU
		{A8E665AC-2217-4EB0-BF49-94EAC7AE0E37}.Debug|x86.ActiveCfg = Debug|Any CPU
		{A8E665AC-2217-4EB0-BF49-94EAC7AE0E37}.Debug|x86.Build.0 = Debug|Any CPU
		{A8E665AC-2217-4EB0-BF49-94EAC7AE0E37}.Release|Any CPU.ActiveCfg = Release|Any CPU
		{A8E665AC-2217-4EB0-BF49-94EAC7AE0E37}.Release|Any CPU.Build.0 = Release|Any CPU
		{A8E665AC-2217-4EB0-BF49-94EAC7AE0E37}.Release|x86.ActiveCfg = Release|Any CPU
		{A8E665AC-2217-4EB0-BF49-94EAC7AE0E37}.Release|x86.Build.0 = Release|Any CPU
	EndGlobalSection
	GlobalSection(SolutionProperties) = preSolution
		HideSolutionNode = FALSE
	EndGlobalSection
	GlobalSection(ExtensibilityGlobals) = postSolution
		SolutionGuid = {EF381829-A264-4C93-9BDD-E9273BF91775}
	EndGlobalSection
EndGlobal
