
Microsoft Visual Studio Solution File, Format Version 12.00
# Visual Studio 15
VisualStudioVersion = 15.0.28307.902
MinimumVisualStudioVersion = 10.0.40219.1
Project("{9A19103F-16F7-4668-BE54-9A1E7A4F7556}") = "UMDGeneral", "UMDGeneral.csproj", "{27A6419B-547D-411D-B38B-E57AA7E223A6}"
EndProject
Global
	GlobalSection(SolutionConfigurationPlatforms) = preSolution
		Debug|Any CPU = Debug|Any CPU
		Release|Any CPU = Release|Any CPU
	EndGlobalSection
	GlobalSection(ProjectConfigurationPlatforms) = postSolution
		{27A6419B-547D-411D-B38B-E57AA7E223A6}.Debug|Any CPU.ActiveCfg = Debug|Any CPU
		{27A6419B-547D-411D-B38B-E57AA7E223A6}.Debug|Any CPU.Build.0 = Debug|Any CPU
		{27A6419B-547D-411D-B38B-E57AA7E223A6}.Release|Any CPU.ActiveCfg = Release|Any CPU
		{27A6419B-547D-411D-B38B-E57AA7E223A6}.Release|Any CPU.Build.0 = Release|Any CPU
	EndGlobalSection
	GlobalSection(SolutionProperties) = preSolution
		HideSolutionNode = FALSE
	EndGlobalSection
	GlobalSection(ExtensibilityGlobals) = postSolution
		SolutionGuid = {3A41950C-CFFA-4AD6-9C08-A426979A81BD}
	EndGlobalSection
EndGlobal
